{
  "nodes": {
    "ashzsh": {
      "inputs": {
        "home-manager": [
          "home-manager"
        ],
        "nixpkgs": [
          "nixpkgs"
        ]
      },
      "locked": {
        "lastModified": 1787541283,
        "narHash": "sha256-B78fZk4lhAcH/giXCVPxgmZsT5ggbfp1RXYtzIE6YFg=",
        "owner": "pbert5",
        "repo": "AshZsh",
        "rev": "5773f356c20fb713f634c183898ed384e7cbdb84",
        "type": "github"
      },
      "original": {
        "owner": "pbert5",
        "repo": "AshZsh",
        "type": "github"
      }
    },
    "flake-parts": {
      "inputs": {
        "nixpkgs-lib": [
          "nixpkgs"
        ]
      },
      "locked": {
        "lastModified": 1785627969,
        "narHash": "sha256-4dtXQk/NMePegK/nWp5NSeuZKLATItOq61lpEvmXqGw=",
        "owner": "hercules-ci",
        "repo": "flake-parts",
        "rev": "427bf4bd9435fdf21321c8cc628c24efc14c0f7a",
        "type": "github"
      },
      "original": {
        "owner": "hercules-ci",
        "repo": "flake-parts",
        "type": "github"
      }
    },
    "home-manager": {
      "inputs": {
        "nixpkgs": [
          "nixpkgs"
        ]
      },
      "locked": {
        "lastModified": 1787540599,
        "narHash": "sha256-MHwk52ty3NsLhq9a1IbIfBJZlCUJIdiUYFo52JLK9hY=",
        "owner": "nix-community",
        "repo": "home-manager",
        "rev": "03f4cd46bc1dd4f3a96da778d2ce9f7ce39dd450",
        "type": "github"
      },
      "original": {
        "owner": "nix-community",
        "repo": "home-manager",
        "type": "github"
      }
    },
    "nixpkgs": {
      "locked": {
        "lastModified": 1787360063,
        "narHash": "sha256-dt4WdcvsA8/RCe+VZZwqU0X+XMM3wBbGCWA0/sFWzGo=",
        "owner": "NixOS",
        "repo": "nixpkgs",
        "rev": "2c423e03bbafcff28bfadc6781a4a8257f205cb5",
        "type": "github"
      },
      "original": {
        "owner": "NixOS",
        "ref": "nixos-unstable",
        "repo": "nixpkgs",
        "type": "github"
      }
    },
    "root": {
      "inputs": {
        "ashzsh": "ashzsh",
        "flake-parts": "flake-parts",
        "home-manager": "home-manager",
        "nixpkgs": "nixpkgs",
        "tilingDesktop": "tilingDesktop"
      }
    },
    "tilingDesktop": {
      "inputs": {
        "home-manager": [
          "home-manager"
        ],
        "nixpkgs": [
          "nixpkgs"
        ]
      },
      "locked": {
        "lastModified": 1787545284,
        "narHash": "sha256-4+W270ioziPJbws7qlDF5lgPVQXUl09O7KZgb5t3oAg=",
        "owner": "pbert5",
        "repo": "TilingDesktop",
        "rev": "5e494d8cfee14bcab5f2f695c4c4bdaafcd9c2c3",
        "type": "github"
      },
      "original": {
        "owner": "pbert5",
        "repo": "TilingDesktop",
        "type": "github"
      }
    }
  },
  "root": "root",
  "version": 7
}
